// !$*UTF8*$!
{
	archiveVersion = 1;
	classes = {
	};
	objectVersion = 46;
	objects = {

/* Begin PBXBuildFile section */
		D7E9564C1AE5801200E08F65 /* AppDelegate.swift in Sources */ = {isa = PBXBuildFile; fileRef = D7E9564B1AE5801200E08F65 /* AppDelegate.swift */; };
		D7E9564E1AE5801200E08F65 /* ViewController.swift in Sources */ = {isa = PBXBuildFile; fileRef = D7E9564D1AE5801200E08F65 /* ViewController.swift */; };
		D7E956511AE5801200E08F65 /* Main.storyboard in Resources */ = {isa = PBXBuildFile; fileRef = D7E9564F1AE5801200E08F65 /* Main.storyboard */; };
		D7E956531AE5801200E08F65 /* Images.xcassets in Resources */ = {isa = PBXBuildFile; fileRef = D7E956521AE5801200E08F65 /* Images.xcassets */; };
		D7E956561AE5801200E08F65 /* LaunchScreen.xib in Resources */ = {isa = PBXBuildFile; fileRef = D7E956541AE5801200E08F65 /* LaunchScreen.xib */; };
		D7E956621AE5801300E08F65 /* source_control_ver4Tests.swift in Sources */ = {isa = PBXBuildFile; fileRef = D7E956611AE5801300E08F65 /* source_control_ver4Tests.swift */; };
/* End PBXBuildFile section */

/* Begin PBXContainerItemProxy section */
		D7E9565C1AE5801300E08F65 /* PBXContainerItemProxy */ = {
			isa = PBXContainerItemProxy;
			containerPortal = D7E9563E1AE5801200E08F65 /* Project object */;
			proxyType = 1;
			remoteGlobalIDString = D7E956451AE5801200E08F65;
			remoteInfo = source_control_ver4;
		};
/* End PBXContainerItemProxy section */

/* Begin PBXFileReference section */
		D7E956461AE5801200E08F65 /* source_control_ver4.app */ = {isa = PBXFileReference; explicitFileType = wrapper.application; includeInIndex = 0; path = source_control_ver4.app; sourceTree = BUILT_PRODUCTS_DIR; };
		D7E9564A1AE5801200E08F65 /* Info.plist */ = {isa = PBXFileReference; lastKnownFileType = text.plist.xml; path = Info.plist; sourceTree = "<group>"; };
		D7E9564B1AE5801200E08F65 /* AppDelegate.swift */ = {isa = PBXFileReference; lastKnownFileType = sourcecode.swift; path = AppDelegate.swift; sourceTree = "<group>"; };
		D7E9564D1AE5801200E08F65 /* ViewController.swift */ = {isa = PBXFileReference; lastKnownFileType = sourcecode.swift; path = ViewController.swift; sourceTree = "<group>"; };
		D7E956501AE5801200E08F65 /* Base */ = {isa = PBXFileReference; lastKnownFileType = file.storyboard; name = Base; path = Base.lproj/Main.storyboard; sourceTree = "<group>"; };
		D7E956521AE5801200E08F65 /* Images.xcassets */ = {isa = PBXFileReference; lastKnownFileType = folder.assetcatalog; path = Images.xcassets; sourceTree = "<group>"; };
		D7E956551AE5801200E08F65 /* Base */ = {isa = PBXFileReference; lastKnownFileType = file.xib; name = Base; path = Base.lproj/LaunchScreen.xib; sourceTree = "<group>"; };
		D7E9565B1AE5801300E08F65 /* source_control_ver4Tests.xctest */ = {isa = PBXFileReference; explicitFileType = wrapper.cfbundle; includeInIndex = 0; path = source_control_ver4Tests.xctest; sourceTree = BUILT_PRODUCTS_DIR; };
		D7E956601AE5801300E08F65 /* Info.plist */ = {isa = PBXFileReference; lastKnownFileType = text.plist.xml; path = Info.plist; sourceTree = "<group>"; };
		D7E956611AE5801300E08F65 /* source_control_ver4Tests.swift */ = {isa = PBXFileReference; lastKnownFileType = sourcecode.swift; path = source_control_ver4Tests.swift; sourceTree = "<group>"; };
/* End PBXFileReference section */

/* Begin PBXFrameworksBuildPhase section */
		D7E956431AE5801200E08F65 /* Frameworks */ = {
			isa = PBXFrameworksBuildPhase;
			buildActionMask = 2147483647;
			files = (
			);
			runOnlyForDeploymentPostprocessing = 0;
		};
		D7E956581AE5801300E08F65 /* Frameworks */ = {
			isa = PBXFrameworksBuildPhase;
			buildActionMask = 2147483647;
			files = (
			);
			runOnlyForDeploymentPostprocessing = 0;
		};
/* End PBXFrameworksBuildPhase section */

/* Begin PBXGroup section */
		D7E9563D1AE5801200E08F65 = {
			isa = PBXGroup;
			children = (
				D7E956481AE5801200E08F65 /* source_control_ver4 */,
				D7E9565E1AE5801300E08F65 /* source_control_ver4Tests */,
				D7E956471AE5801200E08F65 /* Products */,
			);
			sourceTree = "<group>";
		};
		D7E956471AE5801200E08F65 /* Products */ = {
			isa = PBXGroup;
			children = (
				D7E956461AE5801200E08F65 /* source_control_ver4.app */,
				D7E9565B1AE5801300E08F65 /* source_control_ver4Tests.xctest */,
			);
			name = Products;
			sourceTree = "<group>";
		};
		D7E956481AE5801200E08F65 /* source_control_ver4 */ = {
			isa = PBXGroup;
			children = (
				D7E9566B1AE5809B00E08F65 /* New Group */,
				D7E9564F1AE5801200E08F65 /* Main.storyboard */,
				D7E956521AE5801200E08F65 /* Images.xcassets */,
				D7E956541AE5801200E08F65 /* LaunchScreen.xib */,
				D7E956491AE5801200E08F65 /* Supporting Files */,
			);
			path = source_control_ver4;
			sourceTree = "<group>";
		};
		D7E956491AE5801200E08F65 /* Supporting Files */ = {
			isa = PBXGroup;
			children = (
				D7E9564A1AE5801200E08F65 /* Info.plist */,
			);
			name = "Supporting Files";
			sourceTree = "<group>";
		};
		D7E9565E1AE5801300E08F65 /* source_control_ver4Tests */ = {
			isa = PBXGroup;
			children = (
				D7E956611AE5801300E08F65 /* source_control_ver4Tests.swift */,
				D7E9565F1AE5801300E08F65 /* Supporting Files */,
			);
			path = source_control_ver4Tests;
			sourceTree = "<group>";
		};
		D7E9565F1AE5801300E08F65 /* Supporting Files */ = {
			isa = PBXGroup;
			children = (
				D7E956601AE5801300E08F65 /* Info.plist */,
			);
			name = "Supporting Files";
			sourceTree = "<group>";
		};
		D7E9566B1AE5809B00E08F65 /* New Group */ = {
			isa = PBXGroup;
			children = (
				D7E9564B1AE5801200E08F65 /* AppDelegate.swift */,
				D7E9564D1AE5801200E08F65 /* ViewController.swift */,
			);
			name = "New Group";
			sourceTree = "<group>";
		};
/* End PBXGroup section */

/* Begin PBXNativeTarget section */
		D7E956451AE5801200E08F65 /* source_control_ver4 */ = {
			isa = PBXNativeTarget;
			buildConfigurationList = D7E956651AE5801300E08F65 /* Build configuration list for PBXNativeTarget "source_control_ver4" */;
			buildPhases = (
				D7E956421AE5801200E08F65 /* Sources */,
				D7E956431AE5801200E08F65 /* Frameworks */,
				D7E956441AE5801200E08F65 /* Resources */,
			);
			buildRules = (
			);
			dependencies = (
			);
			name = source_control_ver4;
			productName = source_control_ver4;
			productReference = D7E956461AE5801200E08F65 /* source_control_ver4.app */;
			productType = "com.apple.product-type.application";
		};
		D7E9565A1AE5801300E08F65 /* source_control_ver4Tests */ = {
			isa = PBXNativeTarget;
			buildConfigurationList = D7E956681AE5801300E08F65 /* Build configuration list for PBXNativeTarget "source_control_ver4Tests" */;
			buildPhases = (
				D7E956571AE5801300E08F65 /* Sources */,
				D7E956581AE5801300E08F65 /* Frameworks */,
				D7E956591AE5801300E08F65 /* Resources */,
			);
			buildRules = (
			);
			dependencies = (
				D7E9565D1AE5801300E08F65 /* PBXTargetDependency */,
			);
			name = source_control_ver4Tests;
			productName = source_control_ver4Tests;
			productReference = D7E9565B1AE5801300E08F65 /* source_control_ver4Tests.xctest */;
			productType = "com.apple.product-type.bundle.unit-test";
		};
/* End PBXNativeTarget section */

/* Begin PBXProject section */
		D7E9563E1AE5801200E08F65 /* Project object */ = {
			isa = PBXProject;
			attributes = {
				LastUpgradeCheck = 0630;
				ORGANIZATIONNAME = "Nhan Nguyen";
				TargetAttributes = {
					D7E956451AE5801200E08F65 = {
						CreatedOnToolsVersion = 6.3;
					};
					D7E9565A1AE5801300E08F65 = {
						CreatedOnToolsVersion = 6.3;
						TestTargetID = D7E956451AE5801200E08F65;
					};
				};
			};
			buildConfigurationList = D7E956411AE5801200E08F65 /* Build configuration list for PBXProject "source_control_ver4" */;
			compatibilityVersion = "Xcode 3.2";
			developmentRegion = English;
			hasScannedForEncodings = 0;
			knownRegions = (
				en,
				Base,
			);
			mainGroup = D7E9563D1AE5801200E08F65;
			productRefGroup = D7E956471AE5801200E08F65 /* Products */;
			projectDirPath = "";
			projectRoot = "";
			targets = (
				D7E956451AE5801200E08F65 /* source_control_ver4 */,
				D7E9565A1AE5801300E08F65 /* source_control_ver4Tests */,
			);
		};
/* End PBXProject section */

/* Begin PBXResourcesBuildPhase section */
		D7E956441AE5801200E08F65 /* Resources */ = {
			isa = PBXResourcesBuildPhase;
			buildActionMask = 2147483647;
			files = (
				D7E956511AE5801200E08F65 /* Main.storyboard in Resources */,
				D7E956561AE5801200E08F65 /* LaunchScreen.xib in Resources */,
				D7E956531AE5801200E08F65 /* Images.xcassets in Resources */,
			);
			runOnlyForDeploymentPostprocessing = 0;
		};
		D7E956591AE5801300E08F65 /* Resources */ = {
			isa = PBXResourcesBuildPhase;
			buildActionMask = 2147483647;
			files = (
			);
			runOnlyForDeploymentPostprocessing = 0;
		};
/* End PBXResourcesBuildPhase section */

/* Begin PBXSourcesBuildPhase section */
		D7E956421AE5801200E08F65 /* Sources */ = {
			isa = PBXSourcesBuildPhase;
			buildActionMask = 2147483647;
			files = (
				D7E9564E1AE5801200E08F65 /* ViewController.swift in Sources */,
				D7E9564C1AE5801200E08F65 /* AppDelegate.swift in Sources */,
			);
			runOnlyForDeploymentPostprocessing = 0;
		};
		D7E956571AE5801300E08F65 /* Sources */ = {
			isa = PBXSourcesBuildPhase;
			buildActionMask = 2147483647;
			files = (
				D7E956621AE5801300E08F65 /* source_control_ver4Tests.swift in Sources */,
			);
			runOnlyForDeploymentPostprocessing = 0;
		};
/* End PBXSourcesBuildPhase section */

/* Begin PBXTargetDependency section */
		D7E9565D1AE5801300E08F65 /* PBXTargetDependency */ = {
			isa = PBXTargetDependency;
			target = D7E956451AE5801200E08F65 /* source_control_ver4 */;
			targetProxy = D7E9565C1AE5801300E08F65 /* PBXContainerItemProxy */;
		};
/* End PBXTargetDependency section */

/* Begin PBXVariantGroup section */
		D7E9564F1AE5801200E08F65 /* Main.storyboard */ = {
			isa = PBXVariantGroup;
			children = (
				D7E956501AE5801200E08F65 /* Base */,
			);
			name = Main.storyboard;
			sourceTree = "<group>";
		};
		D7E956541AE5801200E08F65 /* LaunchScreen.xib */ = {
			isa = PBXVariantGroup;
			children = (
				D7E956551AE5801200E08F65 /* Base */,
			);
			name = LaunchScreen.xib;
			sourceTree = "<group>";
		};
/* End PBXVariantGroup section */

/* Begin XCBuildConfiguration section */
		D7E956631AE5801300E08F65 /* Debug */ = {
			isa = XCBuildConfiguration;
			buildSettings = {
				ALWAYS_SEARCH_USER_PATHS = NO;
				CLANG_CXX_LANGUAGE_STANDARD = "gnu++0x";
				CLANG_CXX_LIBRARY = "libc++";
				CLANG_ENABLE_MODULES = YES;
				CLANG_ENABLE_OBJC_ARC = YES;
				CLANG_WARN_BOOL_CONVERSION = YES;
				CLANG_WARN_CONSTANT_CONVERSION = YES;
				CLANG_WARN_DIRECT_OBJC_ISA_USAGE = YES_ERROR;
				CLANG_WARN_EMPTY_BODY = YES;
				CLANG_WARN_ENUM_CONVERSION = YES;
				CLANG_WARN_INT_CONVERSION = YES;
				CLANG_WARN_OBJC_ROOT_CLASS = YES_ERROR;
				CLANG_WARN_UNREACHABLE_CODE = YES;
				CLANG_WARN__DUPLICATE_METHOD_MATCH = YES;
				"CODE_SIGN_IDENTITY[sdk=iphoneos*]" = "iPhone Developer";
				COPY_PHASE_STRIP = NO;
				DEBUG_INFORMATION_FORMAT = "dwarf-with-dsym";
				ENABLE_STRICT_OBJC_MSGSEND = YES;
				GCC_C_LANGUAGE_STANDARD = gnu99;
				GCC_DYNAMIC_NO_PIC = NO;
				GCC_NO_COMMON_BLOCKS = YES;
				GCC_OPTIMIZATION_LEVEL = 0;
				GCC_PREPROCESSOR_DEFINITIONS = (
					"DEBUG=1",
					"$(inherited)",
				);
				GCC_SYMBOLS_PRIVATE_EXTERN = NO;
				GCC_WARN_64_TO_32_BIT_CONVERSION = YES;
				GCC_WARN_ABOUT_RETURN_TYPE = YES_ERROR;
				GCC_WARN_UNDECLARED_SELECTOR = YES;
				GCC_WARN_UNINITIALIZED_AUTOS = YES_AGGRESSIVE;
				GCC_WARN_UNUSED_FUNCTION = YES;
				GCC_WARN_UNUSED_VARIABLE = YES;
				IPHONEOS_DEPLOYMENT_TARGET = 8.3;
				MTL_ENABLE_DEBUG_INFO = YES;
				ONLY_ACTIVE_ARCH = YES;
				SDKROOT = iphoneos;
				SWIFT_OPTIMIZATION_LEVEL = "-Onone";
			};
			name = Debug;
		};
		D7E956641AE5801300E08F65 /* Release */ = {
			isa = XCBuildConfiguration;
			buildSettings = {
				ALWAYS_SEARCH_USER_PATHS = NO;
				CLANG_CXX_LANGUAGE_STANDARD = "gnu++0x";
				CLANG_CXX_LIBRARY = "libc++";
				CLANG_ENABLE_MODULES = YES;
				CLANG_ENABLE_OBJC_ARC = YES;
				CLANG_WARN_BOOL_CONVERSION = YES;
				CLANG_WARN_CONSTANT_CONVERSION = YES;
				CLANG_WARN_DIRECT_OBJC_ISA_USAGE = YES_ERROR;
				CLANG_WARN_EMPTY_BODY = YES;
				CLANG_WARN_ENUM_CONVERSION = YES;
				CLANG_WARN_INT_CONVERSION = YES;
				CLANG_WARN_OBJC_ROOT_CLASS = YES_ERROR;
				CLANG_WARN_UNREACHABLE_CODE = YES;
				CLANG_WARN__DUPLICATE_METHOD_MATCH = YES;
				"CODE_SIGN_IDENTITY[sdk=iphoneos*]" = "iPhone Developer";
				COPY_PHASE_STRIP = NO;
				DEBUG_INFORMATION_FORMAT = "dwarf-with-dsym";
				ENABLE_NS_ASSERTIONS = NO;
				ENABLE_STRICT_OBJC_MSGSEND = YES;
				GCC_C_LANGUAGE_STANDARD = gnu99;
				GCC_NO_COMMON_BLOCKS = YES;
				GCC_WARN_64_TO_32_BIT_CONVERSION = YES;
				GCC_WARN_ABOUT_RETURN_TYPE = YES_ERROR;
				GCC_WARN_UNDECLARED_SELECTOR = YES;
				GCC_WARN_UNINITIALIZED_AUTOS = YES_AGGRESSIVE;
				GCC_WARN_UNUSED_FUNCTION = YES;
				GCC_WARN_UNUSED_VARIABLE = YES;
				IPHONEOS_DEPLOYMENT_TARGET = 8.3;
				MTL_ENABLE_DEBUG_INFO = NO;
				SDKROOT = iphoneos;
				VALIDATE_PRODUCT = YES;
			};
			name = Release;
		};
		D7E956661AE5801300E08F65 /* Debug */ = {
			isa = XCBuildConfiguration;
			buildSettings = {
				ASSETCATALOG_COMPILER_APPICON_NAME = AppIcon;
				INFOPLIST_FILE = source_control_ver4/Info.plist;
				LD_RUNPATH_SEARCH_PATHS = "$(inherited) @executable_path/Frameworks";
				PRODUCT_NAME = "$(TARGET_NAME)";
			};
			name = Debug;
		};
		D7E956671AE5801300E08F65 /* Release */ = {
			isa = XCBuildConfiguration;
			buildSettings = {
				ASSETCATALOG_COMPILER_APPICON_NAME = AppIcon;
				INFOPLIST_FILE = source_control_ver4/Info.plist;
				LD_RUNPATH_SEARCH_PATHS = "$(inherited) @executable_path/Frameworks";
				PRODUCT_NAME = "$(TARGET_NAME)";
			};
			name = Release;
		};
		D7E956691AE5801300E08F65 /* Debug */ = {
			isa = XCBuildConfiguration;
			buildSettings = {
				BUNDLE_LOADER = "$(TEST_HOST)";
				FRAMEWORK_SEARCH_PATHS = (
					"$(SDKROOT)/Developer/Library/Frameworks",
					"$(inherited)",
				);
				GCC_PREPROCESSOR_DEFINITIONS = (
					"DEBUG=1",
					"$(inherited)",
				);
				INFOPLIST_FILE = source_control_ver4Tests/Info.plist;
				LD_RUNPATH_SEARCH_PATHS = "$(inherited) @executable_path/Frameworks @loader_path/Frameworks";
				PRODUCT_NAME = "$(TARGET_NAME)";
				TEST_HOST = "$(BUILT_PRODUCTS_DIR)/source_control_ver4.app/source_control_ver4";
			};
			name = Debug;
		};
		D7E9566A1AE5801300E08F65 /* Release */ = {
			isa = XCBuildConfiguration;
			buildSettings = {
				BUNDLE_LOADER = "$(TEST_HOST)";
				FRAMEWORK_SEARCH_PATHS = (
					"$(SDKROOT)/Developer/Library/Frameworks",
					"$(inherited)",
				);
				INFOPLIST_FILE = source_control_ver4Tests/Info.plist;
				LD_RUNPATH_SEARCH_PATHS = "$(inherited) @executable_path/Frameworks @loader_path/Frameworks";
				PRODUCT_NAME = "$(TARGET_NAME)";
				TEST_HOST = "$(BUILT_PRODUCTS_DIR)/source_control_ver4.app/source_control_ver4";
			};
			name = Release;
		};
/* End XCBuildConfiguration section */

/* Begin XCConfigurationList section */
		D7E956411AE5801200E08F65 /* Build configuration list for PBXProject "source_control_ver4" */ = {
			isa = XCConfigurationList;
			buildConfigurations = (
				D7E956631AE5801300E08F65 /* Debug */,
				D7E956641AE5801300E08F65 /* Release */,
			);
			defaultConfigurationIsVisible = 0;
			defaultConfigurationName = Release;
		};
		D7E956651AE5801300E08F65 /* Build configuration list for PBXNativeTarget "source_control_ver4" */ = {
			isa = XCConfigurationList;
			buildConfigurations = (
				D7E956661AE5801300E08F65 /* Debug */,
				D7E956671AE5801300E08F65 /* Release */,
			);
			defaultConfigurationIsVisible = 0;
		};
		D7E956681AE5801300E08F65 /* Build configuration list for PBXNativeTarget "source_control_ver4Tests" */ = {
			isa = XCConfigurationList;
			buildConfigurations = (
				D7E956691AE5801300E08F65 /* Debug */,
				D7E9566A1AE5801300E08F65 /* Release */,
			);
			defaultConfigurationIsVisible = 0;
		};
/* End XCConfigurationList section */
	};
	rootObject = D7E9563E1AE5801200E08F65 /* Project object */;
}
